
Microsoft Visual Studio Solution File, Format Version 12.00
# Visual Studio 2012
Project("{8BC9CEB8-8B4A-11D0-8D11-00A0C91BC942}") = "lab2test", "lab2test\lab2test.vcxproj", "{7B6DD3FC-4316-4D5B-A27F-4D3D401341EC}"
EndProject
Global
	GlobalSection(SolutionConfigurationPlatforms) = preSolution
		Debug|Win32 = Debug|Win32
		Release|Win32 = Release|Win32
	EndGlobalSection
	GlobalSection(ProjectConfigurationPlatforms) = postSolution
		{7B6DD3FC-4316-4D5B-A27F-4D3D401341EC}.Debug|Win32.ActiveCfg = Debug|Win32
		{7B6DD3FC-4316-4D5B-A27F-4D3D401341EC}.Debug|Win32.Build.0 = Debug|Win32
		{7B6DD3FC-4316-4D5B-A27F-4D3D401341EC}.Release|Win32.ActiveCfg = Release|Win32
		{7B6DD3FC-4316-4D5B-A27F-4D3D401341EC}.Release|Win32.Build.0 = Release|Win32
	EndGlobalSection
	GlobalSection(SolutionProperties) = preSolution
		HideSolutionNode = FALSE
	EndGlobalSection
EndGlobal
